// !$*UTF8*$!
{
	archiveVersion = 1;
	classes = {
	};
	objectVersion = 56;
	objects = {

/* Begin PBXBuildFile section */
		40007BD62BE08FAE00F90F8B /* ExercisesTableViewController.swift in Sources */ = {isa = PBXBuildFile; fileRef = 40007BD52BE08FAE00F90F8B /* ExercisesTableViewController.swift */; };
		40007BD82BE0914A00F90F8B /* ExercisesData.swift in Sources */ = {isa = PBXBuildFile; fileRef = 40007BD72BE0914A00F90F8B /* ExercisesData.swift */; };
		40007BDA2BE0B53D00F90F8B /* FoodData.swift in Sources */ = {isa = PBXBuildFile; fileRef = 40007BD92BE0B53D00F90F8B /* FoodData.swift */; };
		401F294E2BE763360066FC1C /* FoodTableViewController.swift in Sources */ = {isa = PBXBuildFile; fileRef = 401F294D2BE763360066FC1C /* FoodTableViewController.swift */; };
		401F29502BE773620066FC1C /* AddWorkoutViewController.swift in Sources */ = {isa = PBXBuildFile; fileRef = 401F294F2BE773620066FC1C /* AddWorkoutViewController.swift */; };
		401F29552BE781240066FC1C /* ExerciseSetTableViewCell.swift in Sources */ = {isa = PBXBuildFile; fileRef = 401F29532BE781240066FC1C /* ExerciseSetTableViewCell.swift */; };
		401F29562BE781240066FC1C /* ExerciseSetTableViewCell.xib in Resources */ = {isa = PBXBuildFile; fileRef = 401F29542BE781240066FC1C /* ExerciseSetTableViewCell.xib */; };
		401F29582BE8B50D0066FC1C /* Main.storyboard in Resources */ = {isa = PBXBuildFile; fileRef = 40C802172BD760C200685252 /* Main.storyboard */; };
		401F295B2BEA0BB20066FC1C /* ExerciseSetTitleTableViewCell.swift in Sources */ = {isa = PBXBuildFile; fileRef = 401F29592BEA0BB20066FC1C /* ExerciseSetTitleTableViewCell.swift */; };
		401F295C2BEA0BB20066FC1C /* ExerciseSetTitleTableViewCell.xib in Resources */ = {isa = PBXBuildFile; fileRef = 401F295A2BEA0BB20066FC1C /* ExerciseSetTitleTableViewCell.xib */; };
		401F29622BEA11B40066FC1C /* ExerciseSet.swift in Sources */ = {isa = PBXBuildFile; fileRef = 401F29612BEA11B40066FC1C /* ExerciseSet.swift */; };
		401F29642BEA12590066FC1C /* Workout.swift in Sources */ = {isa = PBXBuildFile; fileRef = 401F29632BEA12590066FC1C /* Workout.swift */; };
		401F29662BF31E3E0066FC1C /* NutritionViewController.swift in Sources */ = {isa = PBXBuildFile; fileRef = 401F29652BF31E3E0066FC1C /* NutritionViewController.swift */; };
		401F29682BF34A490066FC1C /* WorkoutsViewController.swift in Sources */ = {isa = PBXBuildFile; fileRef = 401F29672BF34A490066FC1C /* WorkoutsViewController.swift */; };
		405E5A2A2C102D8F0070C7F3 /* Meals.swift in Sources */ = {isa = PBXBuildFile; fileRef = 405E5A292C102D8F0070C7F3 /* Meals.swift */; };
		405E5A2C2C102F0A0070C7F3 /* FoodSet.swift in Sources */ = {isa = PBXBuildFile; fileRef = 405E5A2B2C102F0A0070C7F3 /* FoodSet.swift */; };
		405E5A2E2C1050B70070C7F3 /* FoodItemTableViewController.swift in Sources */ = {isa = PBXBuildFile; fileRef = 405E5A2D2C1050B70070C7F3 /* FoodItemTableViewController.swift */; };
		40BD84AC2BF9B204002D9E51 /* WorkoutViewController.swift in Sources */ = {isa = PBXBuildFile; fileRef = 40BD84AB2BF9B204002D9E51 /* WorkoutViewController.swift */; };
		40BD84AE2BFC50C8002D9E51 /* ExerciseSetData.swift in Sources */ = {isa = PBXBuildFile; fileRef = 40BD84AD2BFC50C8002D9E51 /* ExerciseSetData.swift */; };
		40BD84B02BFC761B002D9E51 /* HealthKitManager.swift in Sources */ = {isa = PBXBuildFile; fileRef = 40BD84AF2BFC761B002D9E51 /* HealthKitManager.swift */; };
		40BD84B22BFC7928002D9E51 /* ExerciseTableViewController.swift in Sources */ = {isa = PBXBuildFile; fileRef = 40BD84B12BFC7928002D9E51 /* ExerciseTableViewController.swift */; };
		40BD84B42BFC7CD4002D9E51 /* ExerciseTableViewCell.swift in Sources */ = {isa = PBXBuildFile; fileRef = 40BD84B32BFC7CD4002D9E51 /* ExerciseTableViewCell.swift */; };
		40C802122BD760C200685252 /* AppDelegate.swift in Sources */ = {isa = PBXBuildFile; fileRef = 40C802112BD760C200685252 /* AppDelegate.swift */; };
		40C802142BD760C200685252 /* SceneDelegate.swift in Sources */ = {isa = PBXBuildFile; fileRef = 40C802132BD760C200685252 /* SceneDelegate.swift */; };
		40C802162BD760C200685252 /* ViewController.swift in Sources */ = {isa = PBXBuildFile; fileRef = 40C802152BD760C200685252 /* ViewController.swift */; };
		40C802192BD760C200685252 /* Base in Resources */ = {isa = PBXBuildFile; fileRef = 40C802182BD760C200685252 /* Base */; };
		40C8021B2BD760C500685252 /* Assets.xcassets in Resources */ = {isa = PBXBuildFile; fileRef = 40C8021A2BD760C500685252 /* Assets.xcassets */; };
		40C8021E2BD760C500685252 /* Base in Resources */ = {isa = PBXBuildFile; fileRef = 40C8021D2BD760C500685252 /* Base */; };
		40C802262BD7631100685252 /* SignInViewController.swift in Sources */ = {isa = PBXBuildFile; fileRef = 40C802252BD7631100685252 /* SignInViewController.swift */; };
		40C802292BD768E600685252 /* DatabaseProtocol.swift in Sources */ = {isa = PBXBuildFile; fileRef = 40C802282BD768E600685252 /* DatabaseProtocol.swift */; };
		40C8022E2BD76E5A00685252 /* FirebaseController.swift in Sources */ = {isa = PBXBuildFile; fileRef = 40C8022D2BD76E5A00685252 /* FirebaseController.swift */; };
		40C802302BD76EE900685252 /* FirebaseAnalytics in Frameworks */ = {isa = PBXBuildFile; productRef = 40C8022F2BD76EE900685252 /* FirebaseAnalytics */; };
		40C802322BD76EE900685252 /* FirebaseAnalyticsOnDeviceConversion in Frameworks */ = {isa = PBXBuildFile; productRef = 40C802312BD76EE900685252 /* FirebaseAnalyticsOnDeviceConversion */; };
		40C802342BD76EE900685252 /* FirebaseAnalyticsSwift in Frameworks */ = {isa = PBXBuildFile; productRef = 40C802332BD76EE900685252 /* FirebaseAnalyticsSwift */; };
		40C802362BD76EE900685252 /* FirebaseAnalyticsWithoutAdIdSupport in Frameworks */ = {isa = PBXBuildFile; productRef = 40C802352BD76EE900685252 /* FirebaseAnalyticsWithoutAdIdSupport */; };
		40C802382BD76EE900685252 /* FirebaseAppCheck in Frameworks */ = {isa = PBXBuildFile; productRef = 40C802372BD76EE900685252 /* FirebaseAppCheck */; };
		40C8023A2BD76EE900685252 /* FirebaseAppDistribution-Beta in Frameworks */ = {isa = PBXBuildFile; productRef = 40C802392BD76EE900685252 /* FirebaseAppDistribution-Beta */; };
		40C8023C2BD76EE900685252 /* FirebaseAuth in Frameworks */ = {isa = PBXBuildFile; productRef = 40C8023B2BD76EE900685252 /* FirebaseAuth */; };
		40C8023E2BD76EE900685252 /* FirebaseAuthCombine-Community in Frameworks */ = {isa = PBXBuildFile; productRef = 40C8023D2BD76EE900685252 /* FirebaseAuthCombine-Community */; };
		40C802402BD76EE900685252 /* FirebaseCrashlytics in Frameworks */ = {isa = PBXBuildFile; productRef = 40C8023F2BD76EE900685252 /* FirebaseCrashlytics */; };
		40C802422BD76EE900685252 /* FirebaseDatabase in Frameworks */ = {isa = PBXBuildFile; productRef = 40C802412BD76EE900685252 /* FirebaseDatabase */; };
		40C802442BD76EE900685252 /* FirebaseDatabaseSwift in Frameworks */ = {isa = PBXBuildFile; productRef = 40C802432BD76EE900685252 /* FirebaseDatabaseSwift */; };
		40C802462BD76EE900685252 /* FirebaseDynamicLinks in Frameworks */ = {isa = PBXBuildFile; productRef = 40C802452BD76EE900685252 /* FirebaseDynamicLinks */; };
		40C802482BD76EE900685252 /* FirebaseFirestore in Frameworks */ = {isa = PBXBuildFile; productRef = 40C802472BD76EE900685252 /* FirebaseFirestore */; };
		40C8024A2BD76EE900685252 /* FirebaseFirestoreCombine-Community in Frameworks */ = {isa = PBXBuildFile; productRef = 40C802492BD76EE900685252 /* FirebaseFirestoreCombine-Community */; };
		40C8024C2BD76EE900685252 /* FirebaseFirestoreSwift in Frameworks */ = {isa = PBXBuildFile; productRef = 40C8024B2BD76EE900685252 /* FirebaseFirestoreSwift */; };
		40C8024E2BD76EE900685252 /* FirebaseFunctions in Frameworks */ = {isa = PBXBuildFile; productRef = 40C8024D2BD76EE900685252 /* FirebaseFunctions */; };
		40C802502BD76EE900685252 /* FirebaseFunctionsCombine-Community in Frameworks */ = {isa = PBXBuildFile; productRef = 40C8024F2BD76EE900685252 /* FirebaseFunctionsCombine-Community */; };
		40C802522BD76EE900685252 /* FirebaseInAppMessaging-Beta in Frameworks */ = {isa = PBXBuildFile; productRef = 40C802512BD76EE900685252 /* FirebaseInAppMessaging-Beta */; };
		40C802542BD76EE900685252 /* FirebaseInAppMessagingSwift-Beta in Frameworks */ = {isa = PBXBuildFile; productRef = 40C802532BD76EE900685252 /* FirebaseInAppMessagingSwift-Beta */; };
		40C802562BD76EE900685252 /* FirebaseInstallations in Frameworks */ = {isa = PBXBuildFile; productRef = 40C802552BD76EE900685252 /* FirebaseInstallations */; };
		40C802582BD76EE900685252 /* FirebaseMLModelDownloader in Frameworks */ = {isa = PBXBuildFile; productRef = 40C802572BD76EE900685252 /* FirebaseMLModelDownloader */; };
		40C8025A2BD76EE900685252 /* FirebaseMessaging in Frameworks */ = {isa = PBXBuildFile; productRef = 40C802592BD76EE900685252 /* FirebaseMessaging */; };
		40C8025C2BD76EE900685252 /* FirebasePerformance in Frameworks */ = {isa = PBXBuildFile; productRef = 40C8025B2BD76EE900685252 /* FirebasePerformance */; };
		40C8025E2BD76EE900685252 /* FirebaseRemoteConfig in Frameworks */ = {isa = PBXBuildFile; productRef = 40C8025D2BD76EE900685252 /* FirebaseRemoteConfig */; };
		40C802602BD76EE900685252 /* FirebaseRemoteConfigSwift in Frameworks */ = {isa = PBXBuildFile; productRef = 40C8025F2BD76EE900685252 /* FirebaseRemoteConfigSwift */; };
		40C802622BD76EE900685252 /* FirebaseStorage in Frameworks */ = {isa = PBXBuildFile; productRef = 40C802612BD76EE900685252 /* FirebaseStorage */; };
		40C802642BD76EE900685252 /* FirebaseStorageCombine-Community in Frameworks */ = {isa = PBXBuildFile; productRef = 40C802632BD76EE900685252 /* FirebaseStorageCombine-Community */; };
		40C802662BD7716F00685252 /* User.swift in Sources */ = {isa = PBXBuildFile; fileRef = 40C802652BD7716F00685252 /* User.swift */; };
		40C802682BD7730B00685252 /* MulticastDelegate.swift in Sources */ = {isa = PBXBuildFile; fileRef = 40C802672BD7730B00685252 /* MulticastDelegate.swift */; };
		40C8026A2BD7A1A900685252 /* DisplayMessage.swift in Sources */ = {isa = PBXBuildFile; fileRef = 40C802692BD7A1A900685252 /* DisplayMessage.swift */; };
		40C8026C2BD7A49800685252 /* SignUpViewController.swift in Sources */ = {isa = PBXBuildFile; fileRef = 40C8026B2BD7A49800685252 /* SignUpViewController.swift */; };
		40C8026E2BD7A7BF00685252 /* GoogleService-Info.plist in Resources */ = {isa = PBXBuildFile; fileRef = 40C8026D2BD7A7BF00685252 /* GoogleService-Info.plist */; };
		40C802702BD7ADA100685252 /* HomeViewController.swift in Sources */ = {isa = PBXBuildFile; fileRef = 40C8026F2BD7ADA100685252 /* HomeViewController.swift */; };
/* End PBXBuildFile section */

/* Begin PBXFileReference section */
		40007BD52BE08FAE00F90F8B /* ExercisesTableViewController.swift */ = {isa = PBXFileReference; lastKnownFileType = sourcecode.swift; path = ExercisesTableViewController.swift; sourceTree = "<group>"; };
		40007BD72BE0914A00F90F8B /* ExercisesData.swift */ = {isa = PBXFileReference; lastKnownFileType = sourcecode.swift; path = ExercisesData.swift; sourceTree = "<group>"; };
		40007BD92BE0B53D00F90F8B /* FoodData.swift */ = {isa = PBXFileReference; lastKnownFileType = sourcecode.swift; path = FoodData.swift; sourceTree = "<group>"; };
		401F294D2BE763360066FC1C /* FoodTableViewController.swift */ = {isa = PBXFileReference; lastKnownFileType = sourcecode.swift; path = FoodTableViewController.swift; sourceTree = "<group>"; };
		401F294F2BE773620066FC1C /* AddWorkoutViewController.swift */ = {isa = PBXFileReference; lastKnownFileType = sourcecode.swift; path = AddWorkoutViewController.swift; sourceTree = "<group>"; };
		401F29532BE781240066FC1C /* ExerciseSetTableViewCell.swift */ = {isa = PBXFileReference; lastKnownFileType = sourcecode.swift; path = ExerciseSetTableViewCell.swift; sourceTree = "<group>"; };
		401F29542BE781240066FC1C /* ExerciseSetTableViewCell.xib */ = {isa = PBXFileReference; lastKnownFileType = file.xib; path = ExerciseSetTableViewCell.xib; sourceTree = "<group>"; };
		401F29592BEA0BB20066FC1C /* ExerciseSetTitleTableViewCell.swift */ = {isa = PBXFileReference; lastKnownFileType = sourcecode.swift; path = ExerciseSetTitleTableViewCell.swift; sourceTree = "<group>"; };
		401F295A2BEA0BB20066FC1C /* ExerciseSetTitleTableViewCell.xib */ = {isa = PBXFileReference; lastKnownFileType = file.xib; path = ExerciseSetTitleTableViewCell.xib; sourceTree = "<group>"; };
		401F29612BEA11B40066FC1C /* ExerciseSet.swift */ = {isa = PBXFileReference; lastKnownFileType = sourcecode.swift; path = ExerciseSet.swift; sourceTree = "<group>"; };
		401F29632BEA12590066FC1C /* Workout.swift */ = {isa = PBXFileReference; lastKnownFileType = sourcecode.swift; path = Workout.swift; sourceTree = "<group>"; };
		401F29652BF31E3E0066FC1C /* NutritionViewController.swift */ = {isa = PBXFileReference; lastKnownFileType = sourcecode.swift; path = NutritionViewController.swift; sourceTree = "<group>"; };
		401F29672BF34A490066FC1C /* WorkoutsViewController.swift */ = {isa = PBXFileReference; lastKnownFileType = sourcecode.swift; path = WorkoutsViewController.swift; sourceTree = "<group>"; };
		405E5A292C102D8F0070C7F3 /* Meals.swift */ = {isa = PBXFileReference; lastKnownFileType = sourcecode.swift; path = Meals.swift; sourceTree = "<group>"; };
		405E5A2B2C102F0A0070C7F3 /* FoodSet.swift */ = {isa = PBXFileReference; lastKnownFileType = sourcecode.swift; path = FoodSet.swift; sourceTree = "<group>"; };
		405E5A2D2C1050B70070C7F3 /* FoodItemTableViewController.swift */ = {isa = PBXFileReference; lastKnownFileType = sourcecode.swift; path = FoodItemTableViewController.swift; sourceTree = "<group>"; };
		40BD84AB2BF9B204002D9E51 /* WorkoutViewController.swift */ = {isa = PBXFileReference; lastKnownFileType = sourcecode.swift; path = WorkoutViewController.swift; sourceTree = "<group>"; };
		40BD84AD2BFC50C8002D9E51 /* ExerciseSetData.swift */ = {isa = PBXFileReference; lastKnownFileType = sourcecode.swift; path = ExerciseSetData.swift; sourceTree = "<group>"; };
		40BD84AF2BFC761B002D9E51 /* HealthKitManager.swift */ = {isa = PBXFileReference; lastKnownFileType = sourcecode.swift; path = HealthKitManager.swift; sourceTree = "<group>"; };
		40BD84B12BFC7928002D9E51 /* ExerciseTableViewController.swift */ = {isa = PBXFileReference; lastKnownFileType = sourcecode.swift; path = ExerciseTableViewController.swift; sourceTree = "<group>"; };
		40BD84B32BFC7CD4002D9E51 /* ExerciseTableViewCell.swift */ = {isa = PBXFileReference; lastKnownFileType = sourcecode.swift; path = ExerciseTableViewCell.swift; sourceTree = "<group>"; };
		40C8020E2BD760C200685252 /* Final-App.app */ = {isa = PBXFileReference; explicitFileType = wrapper.application; includeInIndex = 0; path = "Final-App.app"; sourceTree = BUILT_PRODUCTS_DIR; };
		40C802112BD760C200685252 /* AppDelegate.swift */ = {isa = PBXFileReference; lastKnownFileType = sourcecode.swift; path = AppDelegate.swift; sourceTree = "<group>"; };
		40C802132BD760C200685252 /* SceneDelegate.swift */ = {isa = PBXFileReference; lastKnownFileType = sourcecode.swift; path = SceneDelegate.swift; sourceTree = "<group>"; };
		40C802152BD760C200685252 /* ViewController.swift */ = {isa = PBXFileReference; lastKnownFileType = sourcecode.swift; path = ViewController.swift; sourceTree = "<group>"; };
		40C802182BD760C200685252 /* Base */ = {isa = PBXFileReference; lastKnownFileType = file.storyboard; name = Base; path = Base.lproj/Main.storyboard; sourceTree = "<group>"; };
		40C8021A2BD760C500685252 /* Assets.xcassets */ = {isa = PBXFileReference; lastKnownFileType = folder.assetcatalog; path = Assets.xcassets; sourceTree = "<group>"; };
		40C8021D2BD760C500685252 /* Base */ = {isa = PBXFileReference; lastKnownFileType = file.storyboard; name = Base; path = Base.lproj/LaunchScreen.storyboard; sourceTree = "<group>"; };
		40C8021F2BD760C500685252 /* Info.plist */ = {isa = PBXFileReference; lastKnownFileType = text.plist.xml; path = Info.plist; sourceTree = "<group>"; };
		40C802252BD7631100685252 /* SignInViewController.swift */ = {isa = PBXFileReference; lastKnownFileType = sourcecode.swift; path = SignInViewController.swift; sourceTree = "<group>"; };
		40C802282BD768E600685252 /* DatabaseProtocol.swift */ = {isa = PBXFileReference; lastKnownFileType = sourcecode.swift; path = DatabaseProtocol.swift; sourceTree = "<group>"; };
		40C8022D2BD76E5A00685252 /* FirebaseController.swift */ = {isa = PBXFileReference; lastKnownFileType = sourcecode.swift; path = FirebaseController.swift; sourceTree = "<group>"; };
		40C802652BD7716F00685252 /* User.swift */ = {isa = PBXFileReference; lastKnownFileType = sourcecode.swift; path = User.swift; sourceTree = "<group>"; };
		40C802672BD7730B00685252 /* MulticastDelegate.swift */ = {isa = PBXFileReference; lastKnownFileType = sourcecode.swift; path = MulticastDelegate.swift; sourceTree = "<group>"; };
		40C802692BD7A1A900685252 /* DisplayMessage.swift */ = {isa = PBXFileReference; lastKnownFileType = sourcecode.swift; path = DisplayMessage.swift; sourceTree = "<group>"; };
		40C8026B2BD7A49800685252 /* SignUpViewController.swift */ = {isa = PBXFileReference; lastKnownFileType = sourcecode.swift; path = SignUpViewController.swift; sourceTree = "<group>"; };
		40C8026D2BD7A7BF00685252 /* GoogleService-Info.plist */ = {isa = PBXFileReference; fileEncoding = 4; lastKnownFileType = text.plist.xml; name = "GoogleService-Info.plist"; path = "../../../../../Downloads/GoogleService-Info.plist"; sourceTree = "<group>"; };
		40C8026F2BD7ADA100685252 /* HomeViewController.swift */ = {isa = PBXFileReference; lastKnownFileType = sourcecode.swift; path = HomeViewController.swift; sourceTree = "<group>"; };
/* End PBXFileReference section */

/* Begin PBXFrameworksBuildPhase section */
		40C8020B2BD760C200685252 /* Frameworks */ = {
			isa = PBXFrameworksBuildPhase;
			buildActionMask = 2147483647;
			files = (
				40C802422BD76EE900685252 /* FirebaseDatabase in Frameworks */,
				40C802502BD76EE900685252 /* FirebaseFunctionsCombine-Community in Frameworks */,
				40C802482BD76EE900685252 /* FirebaseFirestore in Frameworks */,
				40C802342BD76EE900685252 /* FirebaseAnalyticsSwift in Frameworks */,
				40C802302BD76EE900685252 /* FirebaseAnalytics in Frameworks */,
				40C802322BD76EE900685252 /* FirebaseAnalyticsOnDeviceConversion in Frameworks */,
				40C802582BD76EE900685252 /* FirebaseMLModelDownloader in Frameworks */,
				40C8024C2BD76EE900685252 /* FirebaseFirestoreSwift in Frameworks */,
				40C802382BD76EE900685252 /* FirebaseAppCheck in Frameworks */,
				40C802362BD76EE900685252 /* FirebaseAnalyticsWithoutAdIdSupport in Frameworks */,
				40C8023C2BD76EE900685252 /* FirebaseAuth in Frameworks */,
				40C802402BD76EE900685252 /* FirebaseCrashlytics in Frameworks */,
				40C802602BD76EE900685252 /* FirebaseRemoteConfigSwift in Frameworks */,
				40C802522BD76EE900685252 /* FirebaseInAppMessaging-Beta in Frameworks */,
				40C802442BD76EE900685252 /* FirebaseDatabaseSwift in Frameworks */,
				40C8024E2BD76EE900685252 /* FirebaseFunctions in Frameworks */,
				40C802642BD76EE900685252 /* FirebaseStorageCombine-Community in Frameworks */,
				40C8025E2BD76EE900685252 /* FirebaseRemoteConfig in Frameworks */,
				40C8023A2BD76EE900685252 /* FirebaseAppDistribution-Beta in Frameworks */,
				40C8023E2BD76EE900685252 /* FirebaseAuthCombine-Community in Frameworks */,
				40C8025C2BD76EE900685252 /* FirebasePerformance in Frameworks */,
				40C802542BD76EE900685252 /* FirebaseInAppMessagingSwift-Beta in Frameworks */,
				40C802622BD76EE900685252 /* FirebaseStorage in Frameworks */,
				40C802462BD76EE900685252 /* FirebaseDynamicLinks in Frameworks */,
				40C8024A2BD76EE900685252 /* FirebaseFirestoreCombine-Community in Frameworks */,
				40C8025A2BD76EE900685252 /* FirebaseMessaging in Frameworks */,
				40C802562BD76EE900685252 /* FirebaseInstallations in Frameworks */,
			);
			runOnlyForDeploymentPostprocessing = 0;
		};
/* End PBXFrameworksBuildPhase section */

/* Begin PBXGroup section */
		40C802052BD760C200685252 = {
			isa = PBXGroup;
			children = (
				40C802102BD760C200685252 /* Final-App */,
				40C8020F2BD760C200685252 /* Products */,
			);
			sourceTree = "<group>";
		};
		40C8020F2BD760C200685252 /* Products */ = {
			isa = PBXGroup;
			children = (
				40C8020E2BD760C200685252 /* Final-App.app */,
			);
			name = Products;
			sourceTree = "<group>";
		};
		40C802102BD760C200685252 /* Final-App */ = {
			isa = PBXGroup;
			children = (
				40C802272BD768C900685252 /* Database */,
				40C802252BD7631100685252 /* SignInViewController.swift */,
				40C8026B2BD7A49800685252 /* SignUpViewController.swift */,
				40C802112BD760C200685252 /* AppDelegate.swift */,
				40C802132BD760C200685252 /* SceneDelegate.swift */,
				40C802152BD760C200685252 /* ViewController.swift */,
				40C802172BD760C200685252 /* Main.storyboard */,
				40C8021A2BD760C500685252 /* Assets.xcassets */,
				40C8021C2BD760C500685252 /* LaunchScreen.storyboard */,
				40C8021F2BD760C500685252 /* Info.plist */,
				40C8022D2BD76E5A00685252 /* FirebaseController.swift */,
				40C802652BD7716F00685252 /* User.swift */,
				401F29632BEA12590066FC1C /* Workout.swift */,
				405E5A292C102D8F0070C7F3 /* Meals.swift */,
				405E5A2B2C102F0A0070C7F3 /* FoodSet.swift */,
				401F29612BEA11B40066FC1C /* ExerciseSet.swift */,
				40BD84AD2BFC50C8002D9E51 /* ExerciseSetData.swift */,
				40C802692BD7A1A900685252 /* DisplayMessage.swift */,
				40C8026D2BD7A7BF00685252 /* GoogleService-Info.plist */,
				40C8026F2BD7ADA100685252 /* HomeViewController.swift */,
				401F29672BF34A490066FC1C /* WorkoutsViewController.swift */,
				40BD84AB2BF9B204002D9E51 /* WorkoutViewController.swift */,
				401F294F2BE773620066FC1C /* AddWorkoutViewController.swift */,
				401F29652BF31E3E0066FC1C /* NutritionViewController.swift */,
				401F294D2BE763360066FC1C /* FoodTableViewController.swift */,
				40007BD52BE08FAE00F90F8B /* ExercisesTableViewController.swift */,
				40007BD92BE0B53D00F90F8B /* FoodData.swift */,
				40007BD72BE0914A00F90F8B /* ExercisesData.swift */,
				401F29532BE781240066FC1C /* ExerciseSetTableViewCell.swift */,
				401F29542BE781240066FC1C /* ExerciseSetTableViewCell.xib */,
				401F29592BEA0BB20066FC1C /* ExerciseSetTitleTableViewCell.swift */,
				401F295A2BEA0BB20066FC1C /* ExerciseSetTitleTableViewCell.xib */,
				40BD84AF2BFC761B002D9E51 /* HealthKitManager.swift */,
				40BD84B12BFC7928002D9E51 /* ExerciseTableViewController.swift */,
				405E5A2D2C1050B70070C7F3 /* FoodItemTableViewController.swift */,
				40BD84B32BFC7CD4002D9E51 /* ExerciseTableViewCell.swift */,
			);
			path = "Final-App";
			sourceTree = "<group>";
		};
		40C802272BD768C900685252 /* Database */ = {
			isa = PBXGroup;
			children = (
				40C802282BD768E600685252 /* DatabaseProtocol.swift */,
				40C802672BD7730B00685252 /* MulticastDelegate.swift */,
			);
			path = Database;
			sourceTree = "<group>";
		};
/* End PBXGroup section */

/* Begin PBXNativeTarget section */
		40C8020D2BD760C200685252 /* Final-App */ = {
			isa = PBXNativeTarget;
			buildConfigurationList = 40C802222BD760C500685252 /* Build configuration list for PBXNativeTarget "Final-App" */;
			buildPhases = (
				40C8020A2BD760C200685252 /* Sources */,
				40C8020B2BD760C200685252 /* Frameworks */,
				40C8020C2BD760C200685252 /* Resources */,
			);
			buildRules = (
			);
			dependencies = (
			);
			name = "Final-App";
			packageProductDependencies = (
				40C8022F2BD76EE900685252 /* FirebaseAnalytics */,
				40C802312BD76EE900685252 /* FirebaseAnalyticsOnDeviceConversion */,
				40C802332BD76EE900685252 /* FirebaseAnalyticsSwift */,
				40C802352BD76EE900685252 /* FirebaseAnalyticsWithoutAdIdSupport */,
				40C802372BD76EE900685252 /* FirebaseAppCheck */,
				40C802392BD76EE900685252 /* FirebaseAppDistribution-Beta */,
				40C8023B2BD76EE900685252 /* FirebaseAuth */,
				40C8023D2BD76EE900685252 /* FirebaseAuthCombine-Community */,
				40C8023F2BD76EE900685252 /* FirebaseCrashlytics */,
				40C802412BD76EE900685252 /* FirebaseDatabase */,
				40C802432BD76EE900685252 /* FirebaseDatabaseSwift */,
				40C802452BD76EE900685252 /* FirebaseDynamicLinks */,
				40C802472BD76EE900685252 /* FirebaseFirestore */,
				40C802492BD76EE900685252 /* FirebaseFirestoreCombine-Community */,
				40C8024B2BD76EE900685252 /* FirebaseFirestoreSwift */,
				40C8024D2BD76EE900685252 /* FirebaseFunctions */,
				40C8024F2BD76EE900685252 /* FirebaseFunctionsCombine-Community */,
				40C802512BD76EE900685252 /* FirebaseInAppMessaging-Beta */,
				40C802532BD76EE900685252 /* FirebaseInAppMessagingSwift-Beta */,
				40C802552BD76EE900685252 /* FirebaseInstallations */,
				40C802572BD76EE900685252 /* FirebaseMLModelDownloader */,
				40C802592BD76EE900685252 /* FirebaseMessaging */,
				40C8025B2BD76EE900685252 /* FirebasePerformance */,
				40C8025D2BD76EE900685252 /* FirebaseRemoteConfig */,
				40C8025F2BD76EE900685252 /* FirebaseRemoteConfigSwift */,
				40C802612BD76EE900685252 /* FirebaseStorage */,
				40C802632BD76EE900685252 /* FirebaseStorageCombine-Community */,
			);
			productName = "Final-App";
			productReference = 40C8020E2BD760C200685252 /* Final-App.app */;
			productType = "com.apple.product-type.application";
		};
/* End PBXNativeTarget section */

/* Begin PBXProject section */
		40C802062BD760C200685252 /* Project object */ = {
			isa = PBXProject;
			attributes = {
				BuildIndependentTargetsInParallel = 1;
				LastSwiftUpdateCheck = 1530;
				LastUpgradeCheck = 1530;
				TargetAttributes = {
					40C8020D2BD760C200685252 = {
						CreatedOnToolsVersion = 15.3;
					};
				};
			};
			buildConfigurationList = 40C802092BD760C200685252 /* Build configuration list for PBXProject "Final-App" */;
			compatibilityVersion = "Xcode 14.0";
			developmentRegion = en;
			hasScannedForEncodings = 0;
			knownRegions = (
				en,
				Base,
			);
			mainGroup = 40C802052BD760C200685252;
			packageReferences = (
				40C8022C2BD76BFB00685252 /* XCRemoteSwiftPackageReference "firebase-ios-sdk" */,
			);
			productRefGroup = 40C8020F2BD760C200685252 /* Products */;
			projectDirPath = "";
			projectRoot = "";
			targets = (
				40C8020D2BD760C200685252 /* Final-App */,
			);
		};
/* End PBXProject section */

/* Begin PBXResourcesBuildPhase section */
		40C8020C2BD760C200685252 /* Resources */ = {
			isa = PBXResourcesBuildPhase;
			buildActionMask = 2147483647;
			files = (
				40C8021B2BD760C500685252 /* Assets.xcassets in Resources */,
				40C8026E2BD7A7BF00685252 /* GoogleService-Info.plist in Resources */,
				40C8021E2BD760C500685252 /* Base in Resources */,
				401F29582BE8B50D0066FC1C /* Main.storyboard in Resources */,
				401F295C2BEA0BB20066FC1C /* ExerciseSetTitleTableViewCell.xib in Resources */,
				40C802192BD760C200685252 /* Base in Resources */,
				401F29562BE781240066FC1C /* ExerciseSetTableViewCell.xib in Resources */,
			);
			runOnlyForDeploymentPostprocessing = 0;
		};
/* End PBXResourcesBuildPhase section */

/* Begin PBXSourcesBuildPhase section */
		40C8020A2BD760C200685252 /* Sources */ = {
			isa = PBXSourcesBuildPhase;
			buildActionMask = 2147483647;
			files = (
				405E5A2C2C102F0A0070C7F3 /* FoodSet.swift in Sources */,
				401F29662BF31E3E0066FC1C /* NutritionViewController.swift in Sources */,
				40C8022E2BD76E5A00685252 /* FirebaseController.swift in Sources */,
				40C802162BD760C200685252 /* ViewController.swift in Sources */,
				40C8026A2BD7A1A900685252 /* DisplayMessage.swift in Sources */,
				401F29642BEA12590066FC1C /* Workout.swift in Sources */,
				40007BD62BE08FAE00F90F8B /* ExercisesTableViewController.swift in Sources */,
				40C802122BD760C200685252 /* AppDelegate.swift in Sources */,
				40007BD82BE0914A00F90F8B /* ExercisesData.swift in Sources */,
				40C8026C2BD7A49800685252 /* SignUpViewController.swift in Sources */,
				401F294E2BE763360066FC1C /* FoodTableViewController.swift in Sources */,
				40007BDA2BE0B53D00F90F8B /* FoodData.swift in Sources */,
				405E5A2E2C1050B70070C7F3 /* FoodItemTableViewController.swift in Sources */,
				401F29552BE781240066FC1C /* ExerciseSetTableViewCell.swift in Sources */,
				405E5A2A2C102D8F0070C7F3 /* Meals.swift in Sources */,
				40C802682BD7730B00685252 /* MulticastDelegate.swift in Sources */,
				40C802262BD7631100685252 /* SignInViewController.swift in Sources */,
				40C802702BD7ADA100685252 /* HomeViewController.swift in Sources */,
				40BD84B42BFC7CD4002D9E51 /* ExerciseTableViewCell.swift in Sources */,
				401F295B2BEA0BB20066FC1C /* ExerciseSetTitleTableViewCell.swift in Sources */,
				401F29682BF34A490066FC1C /* WorkoutsViewController.swift in Sources */,
				40BD84B22BFC7928002D9E51 /* ExerciseTableViewController.swift in Sources */,
				40BD84AC2BF9B204002D9E51 /* WorkoutViewController.swift in Sources */,
				40BD84B02BFC761B002D9E51 /* HealthKitManager.swift in Sources */,
				401F29622BEA11B40066FC1C /* ExerciseSet.swift in Sources */,
				401F29502BE773620066FC1C /* AddWorkoutViewController.swift in Sources */,
				40C802142BD760C200685252 /* SceneDelegate.swift in Sources */,
				40C802292BD768E600685252 /* DatabaseProtocol.swift in Sources */,
				40BD84AE2BFC50C8002D9E51 /* ExerciseSetData.swift in Sources */,
				40C802662BD7716F00685252 /* User.swift in Sources */,
			);
			runOnlyForDeploymentPostprocessing = 0;
		};
/* End PBXSourcesBuildPhase section */

/* Begin PBXVariantGroup section */
		40C802172BD760C200685252 /* Main.storyboard */ = {
			isa = PBXVariantGroup;
			children = (
				40C802182BD760C200685252 /* Base */,
			);
			name = Main.storyboard;
			sourceTree = "<group>";
		};
		40C8021C2BD760C500685252 /* LaunchScreen.storyboard */ = {
			isa = PBXVariantGroup;
			children = (
				40C8021D2BD760C500685252 /* Base */,
			);
			name = LaunchScreen.storyboard;
			sourceTree = "<group>";
		};
/* End PBXVariantGroup section */

/* Begin XCBuildConfiguration section */
		40C802202BD760C500685252 /* Debug */ = {
			isa = XCBuildConfiguration;
			buildSettings = {
				ALWAYS_SEARCH_USER_PATHS = NO;
				ASSETCATALOG_COMPILER_GENERATE_SWIFT_ASSET_SYMBOL_EXTENSIONS = YES;
				CLANG_ANALYZER_NONNULL = YES;
				CLANG_ANALYZER_NUMBER_OBJECT_CONVERSION = YES_AGGRESSIVE;
				CLANG_CXX_LANGUAGE_STANDARD = "gnu++20";
				CLANG_ENABLE_MODULES = YES;
				CLANG_ENABLE_OBJC_ARC = YES;
				CLANG_ENABLE_OBJC_WEAK = YES;
				CLANG_WARN_BLOCK_CAPTURE_AUTORELEASING = YES;
				CLANG_WARN_BOOL_CONVERSION = YES;
				CLANG_WARN_COMMA = YES;
				CLANG_WARN_CONSTANT_CONVERSION = YES;
				CLANG_WARN_DEPRECATED_OBJC_IMPLEMENTATIONS = YES;
				CLANG_WARN_DIRECT_OBJC_ISA_USAGE = YES_ERROR;
				CLANG_WARN_DOCUMENTATION_COMMENTS = YES;
				CLANG_WARN_EMPTY_BODY = YES;
				CLANG_WARN_ENUM_CONVERSION = YES;
				CLANG_WARN_INFINITE_RECURSION = YES;
				CLANG_WARN_INT_CONVERSION = YES;
				CLANG_WARN_NON_LITERAL_NULL_CONVERSION = YES;
				CLANG_WARN_OBJC_IMPLICIT_RETAIN_SELF = YES;
				CLANG_WARN_OBJC_LITERAL_CONVERSION = YES;
				CLANG_WARN_OBJC_ROOT_CLASS = YES_ERROR;
				CLANG_WARN_QUOTED_INCLUDE_IN_FRAMEWORK_HEADER = YES;
				CLANG_WARN_RANGE_LOOP_ANALYSIS = YES;
				CLANG_WARN_STRICT_PROTOTYPES = YES;
				CLANG_WARN_SUSPICIOUS_MOVE = YES;
				CLANG_WARN_UNGUARDED_AVAILABILITY = YES_AGGRESSIVE;
				CLANG_WARN_UNREACHABLE_CODE = YES;
				CLANG_WARN__DUPLICATE_METHOD_MATCH = YES;
				COPY_PHASE_STRIP = NO;
				DEBUG_INFORMATION_FORMAT = dwarf;
				ENABLE_STRICT_OBJC_MSGSEND = YES;
				ENABLE_TESTABILITY = YES;
				ENABLE_USER_SCRIPT_SANDBOXING = YES;
				GCC_C_LANGUAGE_STANDARD = gnu17;
				GCC_DYNAMIC_NO_PIC = NO;
				GCC_NO_COMMON_BLOCKS = YES;
				GCC_OPTIMIZATION_LEVEL = 0;
				GCC_PREPROCESSOR_DEFINITIONS = (
					"DEBUG=1",
					"$(inherited)",
				);
				GCC_WARN_64_TO_32_BIT_CONVERSION = YES;
				GCC_WARN_ABOUT_RETURN_TYPE = YES_ERROR;
				GCC_WARN_UNDECLARED_SELECTOR = YES;
				GCC_WARN_UNINITIALIZED_AUTOS = YES_AGGRESSIVE;
				GCC_WARN_UNUSED_FUNCTION = YES;
				GCC_WARN_UNUSED_VARIABLE = YES;
				IPHONEOS_DEPLOYMENT_TARGET = 17.4;
				LOCALIZATION_PREFERS_STRING_CATALOGS = YES;
				MTL_ENABLE_DEBUG_INFO = INCLUDE_SOURCE;
				MTL_FAST_MATH = YES;
				ONLY_ACTIVE_ARCH = YES;
				SDKROOT = iphoneos;
				SWIFT_ACTIVE_COMPILATION_CONDITIONS = "DEBUG $(inherited)";
				SWIFT_OPTIMIZATION_LEVEL = "-Onone";
			};
			name = Debug;
		};
		40C802212BD760C500685252 /* Release */ = {
			isa = XCBuildConfiguration;
			buildSettings = {
				ALWAYS_SEARCH_USER_PATHS = NO;
				ASSETCATALOG_COMPILER_GENERATE_SWIFT_ASSET_SYMBOL_EXTENSIONS = YES;
				CLANG_ANALYZER_NONNULL = YES;
				CLANG_ANALYZER_NUMBER_OBJECT_CONVERSION = YES_AGGRESSIVE;
				CLANG_CXX_LANGUAGE_STANDARD = "gnu++20";
				CLANG_ENABLE_MODULES = YES;
				CLANG_ENABLE_OBJC_ARC = YES;
				CLANG_ENABLE_OBJC_WEAK = YES;
				CLANG_WARN_BLOCK_CAPTURE_AUTORELEASING = YES;
				CLANG_WARN_BOOL_CONVERSION = YES;
				CLANG_WARN_COMMA = YES;
				CLANG_WARN_CONSTANT_CONVERSION = YES;
				CLANG_WARN_DEPRECATED_OBJC_IMPLEMENTATIONS = YES;
				CLANG_WARN_DIRECT_OBJC_ISA_USAGE = YES_ERROR;
				CLANG_WARN_DOCUMENTATION_COMMENTS = YES;
				CLANG_WARN_EMPTY_BODY = YES;
				CLANG_WARN_ENUM_CONVERSION = YES;
				CLANG_WARN_INFINITE_RECURSION = YES;
				CLANG_WARN_INT_CONVERSION = YES;
				CLANG_WARN_NON_LITERAL_NULL_CONVERSION = YES;
				CLANG_WARN_OBJC_IMPLICIT_RETAIN_SELF = YES;
				CLANG_WARN_OBJC_LITERAL_CONVERSION = YES;
				CLANG_WARN_OBJC_ROOT_CLASS = YES_ERROR;
				CLANG_WARN_QUOTED_INCLUDE_IN_FRAMEWORK_HEADER = YES;
				CLANG_WARN_RANGE_LOOP_ANALYSIS = YES;
				CLANG_WARN_STRICT_PROTOTYPES = YES;
				CLANG_WARN_SUSPICIOUS_MOVE = YES;
				CLANG_WARN_UNGUARDED_AVAILABILITY = YES_AGGRESSIVE;
				CLANG_WARN_UNREACHABLE_CODE = YES;
				CLANG_WARN__DUPLICATE_METHOD_MATCH = YES;
				COPY_PHASE_STRIP = NO;
				DEBUG_INFORMATION_FORMAT = "dwarf-with-dsym";
				ENABLE_NS_ASSERTIONS = NO;
				ENABLE_STRICT_OBJC_MSGSEND = YES;
				ENABLE_USER_SCRIPT_SANDBOXING = YES;
				GCC_C_LANGUAGE_STANDARD = gnu17;
				GCC_NO_COMMON_BLOCKS = YES;
				GCC_WARN_64_TO_32_BIT_CONVERSION = YES;
				GCC_WARN_ABOUT_RETURN_TYPE = YES_ERROR;
				GCC_WARN_UNDECLARED_SELECTOR = YES;
				GCC_WARN_UNINITIALIZED_AUTOS = YES_AGGRESSIVE;
				GCC_WARN_UNUSED_FUNCTION = YES;
				GCC_WARN_UNUSED_VARIABLE = YES;
				IPHONEOS_DEPLOYMENT_TARGET = 17.4;
				LOCALIZATION_PREFERS_STRING_CATALOGS = YES;
				MTL_ENABLE_DEBUG_INFO = NO;
				MTL_FAST_MATH = YES;
				SDKROOT = iphoneos;
				SWIFT_COMPILATION_MODE = wholemodule;
				VALIDATE_PRODUCT = YES;
			};
			name = Release;
		};
		40C802232BD760C500685252 /* Debug */ = {
			isa = XCBuildConfiguration;
			buildSettings = {
				ASSETCATALOG_COMPILER_APPICON_NAME = AppIcon;
				ASSETCATALOG_COMPILER_GLOBAL_ACCENT_COLOR_NAME = AccentColor;
				CODE_SIGN_STYLE = Automatic;
				CURRENT_PROJECT_VERSION = 1;
				GENERATE_INFOPLIST_FILE = YES;
				INFOPLIST_FILE = "Final-App/Info.plist";
				INFOPLIST_KEY_UIApplicationSupportsIndirectInputEvents = YES;
				INFOPLIST_KEY_UILaunchStoryboardName = LaunchScreen;
				INFOPLIST_KEY_UIMainStoryboardFile = Main;
				INFOPLIST_KEY_UISupportedInterfaceOrientations_iPad = "UIInterfaceOrientationPortrait UIInterfaceOrientationPortraitUpsideDown UIInterfaceOrientationLandscapeLeft UIInterfaceOrientationLandscapeRight";
				INFOPLIST_KEY_UISupportedInterfaceOrientations_iPhone = "UIInterfaceOrientationPortrait UIInterfaceOrientationLandscapeLeft UIInterfaceOrientationLandscapeRight";
				LD_RUNPATH_SEARCH_PATHS = (
					"$(inherited)",
					"@executable_path/Frameworks",
				);
				MARKETING_VERSION = 1.0;
				PRODUCT_BUNDLE_IDENTIFIER = "edu.monash.Final-App";
				PRODUCT_NAME = "$(TARGET_NAME)";
				SWIFT_EMIT_LOC_STRINGS = YES;
				SWIFT_VERSION = 5.0;
				TARGETED_DEVICE_FAMILY = "1,2";
			};
			name = Debug;
		};
		40C802242BD760C500685252 /* Release */ = {
			isa = XCBuildConfiguration;
			buildSettings = {
				ASSETCATALOG_COMPILER_APPICON_NAME = AppIcon;
				ASSETCATALOG_COMPILER_GLOBAL_ACCENT_COLOR_NAME = AccentColor;
				CODE_SIGN_STYLE = Automatic;
				CURRENT_PROJECT_VERSION = 1;
				GENERATE_INFOPLIST_FILE = YES;
				INFOPLIST_FILE = "Final-App/Info.plist";
				INFOPLIST_KEY_UIApplicationSupportsIndirectInputEvents = YES;
				INFOPLIST_KEY_UILaunchStoryboardName = LaunchScreen;
				INFOPLIST_KEY_UIMainStoryboardFile = Main;
				INFOPLIST_KEY_UISupportedInterfaceOrientations_iPad = "UIInterfaceOrientationPortrait UIInterfaceOrientationPortraitUpsideDown UIInterfaceOrientationLandscapeLeft UIInterfaceOrientationLandscapeRight";
				INFOPLIST_KEY_UISupportedInterfaceOrientations_iPhone = "UIInterfaceOrientationPortrait UIInterfaceOrientationLandscapeLeft UIInterfaceOrientationLandscapeRight";
				LD_RUNPATH_SEARCH_PATHS = (
					"$(inherited)",
					"@executable_path/Frameworks",
				);
				MARKETING_VERSION = 1.0;
				PRODUCT_BUNDLE_IDENTIFIER = "edu.monash.Final-App";
				PRODUCT_NAME = "$(TARGET_NAME)";
				SWIFT_EMIT_LOC_STRINGS = YES;
				SWIFT_VERSION = 5.0;
				TARGETED_DEVICE_FAMILY = "1,2";
			};
			name = Release;
		};
/* End XCBuildConfiguration section */

/* Begin XCConfigurationList section */
		40C802092BD760C200685252 /* Build configuration list for PBXProject "Final-App" */ = {
			isa = XCConfigurationList;
			buildConfigurations = (
				40C802202BD760C500685252 /* Debug */,
				40C802212BD760C500685252 /* Release */,
			);
			defaultConfigurationIsVisible = 0;
			defaultConfigurationName = Release;
		};
		40C802222BD760C500685252 /* Build configuration list for PBXNativeTarget "Final-App" */ = {
			isa = XCConfigurationList;
			buildConfigurations = (
				40C802232BD760C500685252 /* Debug */,
				40C802242BD760C500685252 /* Release */,
			);
			defaultConfigurationIsVisible = 0;
			defaultConfigurationName = Release;
		};
/* End XCConfigurationList section */

/* Begin XCRemoteSwiftPackageReference section */
		40C8022C2BD76BFB00685252 /* XCRemoteSwiftPackageReference "firebase-ios-sdk" */ = {
			isa = XCRemoteSwiftPackageReference;
			repositoryURL = "https://github.com/firebase/firebase-ios-sdk";
			requirement = {
				kind = upToNextMajorVersion;
				minimumVersion = 10.24.0;
			};
		};
/* End XCRemoteSwiftPackageReference section */

/* Begin XCSwiftPackageProductDependency section */
		40C8022F2BD76EE900685252 /* FirebaseAnalytics */ = {
			isa = XCSwiftPackageProductDependency;
			package = 40C8022C2BD76BFB00685252 /* XCRemoteSwiftPackageReference "firebase-ios-sdk" */;
			productName = FirebaseAnalytics;
		};
		40C802312BD76EE900685252 /* FirebaseAnalyticsOnDeviceConversion */ = {
			isa = XCSwiftPackageProductDependency;
			package = 40C8022C2BD76BFB00685252 /* XCRemoteSwiftPackageReference "firebase-ios-sdk" */;
			productName = FirebaseAnalyticsOnDeviceConversion;
		};
		40C802332BD76EE900685252 /* FirebaseAnalyticsSwift */ = {
			isa = XCSwiftPackageProductDependency;
			package = 40C8022C2BD76BFB00685252 /* XCRemoteSwiftPackageReference "firebase-ios-sdk" */;
			productName = FirebaseAnalyticsSwift;
		};
		40C802352BD76EE900685252 /* FirebaseAnalyticsWithoutAdIdSupport */ = {
			isa = XCSwiftPackageProductDependency;
			package = 40C8022C2BD76BFB00685252 /* XCRemoteSwiftPackageReference "firebase-ios-sdk" */;
			productName = FirebaseAnalyticsWithoutAdIdSupport;
		};
		40C802372BD76EE900685252 /* FirebaseAppCheck */ = {
			isa = XCSwiftPackageProductDependency;
			package = 40C8022C2BD76BFB00685252 /* XCRemoteSwiftPackageReference "firebase-ios-sdk" */;
			productName = FirebaseAppCheck;
		};
		40C802392BD76EE900685252 /* FirebaseAppDistribution-Beta */ = {
			isa = XCSwiftPackageProductDependency;
			package = 40C8022C2BD76BFB00685252 /* XCRemoteSwiftPackageReference "firebase-ios-sdk" */;
			productName = "FirebaseAppDistribution-Beta";
		};
		40C8023B2BD76EE900685252 /* FirebaseAuth */ = {
			isa = XCSwiftPackageProductDependency;
			package = 40C8022C2BD76BFB00685252 /* XCRemoteSwiftPackageReference "firebase-ios-sdk" */;
			productName = FirebaseAuth;
		};
		40C8023D2BD76EE900685252 /* FirebaseAuthCombine-Community */ = {
			isa = XCSwiftPackageProductDependency;
			package = 40C8022C2BD76BFB00685252 /* XCRemoteSwiftPackageReference "firebase-ios-sdk" */;
			productName = "FirebaseAuthCombine-Community";
		};
		40C8023F2BD76EE900685252 /* FirebaseCrashlytics */ = {
			isa = XCSwiftPackageProductDependency;
			package = 40C8022C2BD76BFB00685252 /* XCRemoteSwiftPackageReference "firebase-ios-sdk" */;
			productName = FirebaseCrashlytics;
		};
		40C802412BD76EE900685252 /* FirebaseDatabase */ = {
			isa = XCSwiftPackageProductDependency;
			package = 40C8022C2BD76BFB00685252 /* XCRemoteSwiftPackageReference "firebase-ios-sdk" */;
			productName = FirebaseDatabase;
		};
		40C802432BD76EE900685252 /* FirebaseDatabaseSwift */ = {
			isa = XCSwiftPackageProductDependency;
			package = 40C8022C2BD76BFB00685252 /* XCRemoteSwiftPackageReference "firebase-ios-sdk" */;
			productName = FirebaseDatabaseSwift;
		};
		40C802452BD76EE900685252 /* FirebaseDynamicLinks */ = {
			isa = XCSwiftPackageProductDependency;
			package = 40C8022C2BD76BFB00685252 /* XCRemoteSwiftPackageReference "firebase-ios-sdk" */;
			productName = FirebaseDynamicLinks;
		};
		40C802472BD76EE900685252 /* FirebaseFirestore */ = {
			isa = XCSwiftPackageProductDependency;
			package = 40C8022C2BD76BFB00685252 /* XCRemoteSwiftPackageReference "firebase-ios-sdk" */;
			productName = FirebaseFirestore;
		};
		40C802492BD76EE900685252 /* FirebaseFirestoreCombine-Community */ = {
			isa = XCSwiftPackageProductDependency;
			package = 40C8022C2BD76BFB00685252 /* XCRemoteSwiftPackageReference "firebase-ios-sdk" */;
			productName = "FirebaseFirestoreCombine-Community";
		};
		40C8024B2BD76EE900685252 /* FirebaseFirestoreSwift */ = {
			isa = XCSwiftPackageProductDependency;
			package = 40C8022C2BD76BFB00685252 /* XCRemoteSwiftPackageReference "firebase-ios-sdk" */;
			productName = FirebaseFirestoreSwift;
		};
		40C8024D2BD76EE900685252 /* FirebaseFunctions */ = {
			isa = XCSwiftPackageProductDependency;
			package = 40C8022C2BD76BFB00685252 /* XCRemoteSwiftPackageReference "firebase-ios-sdk" */;
			productName = FirebaseFunctions;
		};
		40C8024F2BD76EE900685252 /* FirebaseFunctionsCombine-Community */ = {
			isa = XCSwiftPackageProductDependency;
			package = 40C8022C2BD76BFB00685252 /* XCRemoteSwiftPackageReference "firebase-ios-sdk" */;
			productName = "FirebaseFunctionsCombine-Community";
		};
		40C802512BD76EE900685252 /* FirebaseInAppMessaging-Beta */ = {
			isa = XCSwiftPackageProductDependency;
			package = 40C8022C2BD76BFB00685252 /* XCRemoteSwiftPackageReference "firebase-ios-sdk" */;
			productName = "FirebaseInAppMessaging-Beta";
		};
		40C802532BD76EE900685252 /* FirebaseInAppMessagingSwift-Beta */ = {
			isa = XCSwiftPackageProductDependency;
			package = 40C8022C2BD76BFB00685252 /* XCRemoteSwiftPackageReference "firebase-ios-sdk" */;
			productName = "FirebaseInAppMessagingSwift-Beta";
		};
		40C802552BD76EE900685252 /* FirebaseInstallations */ = {
			isa = XCSwiftPackageProductDependency;
			package = 40C8022C2BD76BFB00685252 /* XCRemoteSwiftPackageReference "firebase-ios-sdk" */;
			productName = FirebaseInstallations;
		};
		40C802572BD76EE900685252 /* FirebaseMLModelDownloader */ = {
			isa = XCSwiftPackageProductDependency;
			package = 40C8022C2BD76BFB00685252 /* XCRemoteSwiftPackageReference "firebase-ios-sdk" */;
			productName = FirebaseMLModelDownloader;
		};
		40C802592BD76EE900685252 /* FirebaseMessaging */ = {
			isa = XCSwiftPackageProductDependency;
			package = 40C8022C2BD76BFB00685252 /* XCRemoteSwiftPackageReference "firebase-ios-sdk" */;
			productName = FirebaseMessaging;
		};
		40C8025B2BD76EE900685252 /* FirebasePerformance */ = {
			isa = XCSwiftPackageProductDependency;
			package = 40C8022C2BD76BFB00685252 /* XCRemoteSwiftPackageReference "firebase-ios-sdk" */;
			productName = FirebasePerformance;
		};
		40C8025D2BD76EE900685252 /* FirebaseRemoteConfig */ = {
			isa = XCSwiftPackageProductDependency;
			package = 40C8022C2BD76BFB00685252 /* XCRemoteSwiftPackageReference "firebase-ios-sdk" */;
			productName = FirebaseRemoteConfig;
		};
		40C8025F2BD76EE900685252 /* FirebaseRemoteConfigSwift */ = {
			isa = XCSwiftPackageProductDependency;
			package = 40C8022C2BD76BFB00685252 /* XCRemoteSwiftPackageReference "firebase-ios-sdk" */;
			productName = FirebaseRemoteConfigSwift;
		};
		40C802612BD76EE900685252 /* FirebaseStorage */ = {
			isa = XCSwiftPackageProductDependency;
			package = 40C8022C2BD76BFB00685252 /* XCRemoteSwiftPackageReference "firebase-ios-sdk" */;
			productName = FirebaseStorage;
		};
		40C802632BD76EE900685252 /* FirebaseStorageCombine-Community */ = {
			isa = XCSwiftPackageProductDependency;
			package = 40C8022C2BD76BFB00685252 /* XCRemoteSwiftPackageReference "firebase-ios-sdk" */;
			productName = "FirebaseStorageCombine-Community";
		};
/* End XCSwiftPackageProductDependency section */
	};
	rootObject = 40C802062BD760C200685252 /* Project object */;
}
